{"filter":false,"title":"package-lock.json","tooltip":"/module_00/lesson_00.00/protected/code/01-making-your-first-chart/draft/package-lock.json","ace":{"folds":[],"scrolltop":0,"scrollleft":0,"selection":{"start":{"row":5,"column":15},"end":{"row":5,"column":15},"isBackwards":false},"options":{"guessTabSize":true,"useWrapMode":false,"wrapToView":true},"firstLineState":0},"hash":"24e8aa9505ebe44b495c968c3484bea91e9c514d","mime":"application/json","undoManager":{"mark":-1,"position":-1,"stack":[]},"timestamp":1642110982412}